# @generated - this file is auto-generated by `mise lock` https://mise.jdx.dev/dev-tools/mise-lock.html

[[tools.direnv]]
version = "2.37.1"
backend = "asdf:direnv"

[[tools.just]]
version = "1.46.0"
backend = "ubi:casey/just"

[[tools.python]]
version = "3.14.3"
backend = "core:python"

[tools.python.options]
compile = "true"

[tools.python."platforms.macos-arm64"]
checksum = "sha256:1a98bbe7e63547d2f764bc9119f6d604dfb333f21afab5f4885dc362b4f3a921"
url = "https://github.com/astral-sh/python-build-standalone/releases/download/20260310/cpython-3.14.3+20260310-aarch64-apple-darwin-install_only_stripped.tar.gz"

[[tools.uv]]
version = "0.10.9"
backend = "asdf:uv"
